
Microsoft Visual Studio Solution File, Format Version 12.00

Project("{2150E333-8FDC-42A3-9474-1A3956D46DE8}") = "src", "src", "{4B336992-57F5-4A55-AFE2-CF4E663B08B3}"
EndProject
Project("{FAE04EC0-301F-11D3-BF4B-00C04F79EFBC}") = "Shared", "src\Shared\Shared.csproj", "{DDA61ED1-D59D-4A2D-B974-A7DB9CA06A98}"
EndProject
Project("{FAE04EC0-301F-11D3-BF4B-00C04F79EFBC}") = "Reporting", "src\Reporting\Reporting.csproj", "{9026355D-EDA5-4DFD-BBCA-52F41BA27A52}"
EndProject
Project("{FAE04EC0-301F-11D3-BF4B-00C04F79EFBC}") = "Telemetry", "src\Telemetry\Telemetry.csproj", "{C632EFED-4022-423F-9FFF-374765816938}"
EndProject
Project("{2150E333-8FDC-42A3-9474-1A3956D46DE8}") = "Proxies", "Proxies", "{77AE7635-DC6E-4D2E-9132-490813538C7C}"
EndProject
Project("{FAE04EC0-301F-11D3-BF4B-00C04F79EFBC}") = "BelkSnowFlakeServiceProxies", "src\Proxies\BelkSnowFlakeServiceProxies\BelkSnowFlakeServiceProxies.csproj", "{538344D5-B7EF-4AAD-AF40-1FA376E79A18}"
EndProject
Project("{FAE04EC0-301F-11D3-BF4B-00C04F79EFBC}") = "HttpClient.RefitProxy", "src\Proxies\HttpClient.RefitProxy\HttpClient.RefitProxy.csproj", "{AE5A867C-BF60-48F1-AFCE-E278FB02A1A7}"
EndProject
Project("{FAE04EC0-301F-11D3-BF4B-00C04F79EFBC}") = "MotionServiceProxies", "src\Proxies\MotionServiceProxies\MotionServiceProxies.csproj", "{0FADF4B7-E316-4EE8-A0F6-730907A49BA4}"
EndProject
Project("{2150E333-8FDC-42A3-9474-1A3956D46DE8}") = "apps", "apps", "{111112AF-3916-426A-9143-51FEDADF4148}"
EndProject
Project("{FAE04EC0-301F-11D3-BF4B-00C04F79EFBC}") = "CollabIntegrationExample.WebApp", "apps\CollabIntegrationExample.WebApp\CollabIntegrationExample.WebApp.csproj", "{6BA5D244-E583-4905-ABD4-536B0679CD02}"
EndProject
Global
	GlobalSection(SolutionConfigurationPlatforms) = preSolution
		Debug|Any CPU = Debug|Any CPU
		Release|Any CPU = Release|Any CPU
	EndGlobalSection
	GlobalSection(ProjectConfigurationPlatforms) = postSolution
		{436351A2-0C58-4E38-BDF7-DC16F37EB769}.Debug|Any CPU.ActiveCfg = Debug|Any CPU
		{436351A2-0C58-4E38-BDF7-DC16F37EB769}.Debug|Any CPU.Build.0 = Debug|Any CPU
		{436351A2-0C58-4E38-BDF7-DC16F37EB769}.Release|Any CPU.ActiveCfg = Release|Any CPU
		{436351A2-0C58-4E38-BDF7-DC16F37EB769}.Release|Any CPU.Build.0 = Release|Any CPU
		{DDA61ED1-D59D-4A2D-B974-A7DB9CA06A98}.Debug|Any CPU.ActiveCfg = Debug|Any CPU
		{DDA61ED1-D59D-4A2D-B974-A7DB9CA06A98}.Debug|Any CPU.Build.0 = Debug|Any CPU
		{DDA61ED1-D59D-4A2D-B974-A7DB9CA06A98}.Release|Any CPU.ActiveCfg = Release|Any CPU
		{DDA61ED1-D59D-4A2D-B974-A7DB9CA06A98}.Release|Any CPU.Build.0 = Release|Any CPU
		{9026355D-EDA5-4DFD-BBCA-52F41BA27A52}.Debug|Any CPU.ActiveCfg = Debug|Any CPU
		{9026355D-EDA5-4DFD-BBCA-52F41BA27A52}.Debug|Any CPU.Build.0 = Debug|Any CPU
		{9026355D-EDA5-4DFD-BBCA-52F41BA27A52}.Release|Any CPU.ActiveCfg = Release|Any CPU
		{9026355D-EDA5-4DFD-BBCA-52F41BA27A52}.Release|Any CPU.Build.0 = Release|Any CPU
		{C632EFED-4022-423F-9FFF-374765816938}.Debug|Any CPU.ActiveCfg = Debug|Any CPU
		{C632EFED-4022-423F-9FFF-374765816938}.Debug|Any CPU.Build.0 = Debug|Any CPU
		{C632EFED-4022-423F-9FFF-374765816938}.Release|Any CPU.ActiveCfg = Release|Any CPU
		{C632EFED-4022-423F-9FFF-374765816938}.Release|Any CPU.Build.0 = Release|Any CPU
		{538344D5-B7EF-4AAD-AF40-1FA376E79A18}.Debug|Any CPU.ActiveCfg = Debug|Any CPU
		{538344D5-B7EF-4AAD-AF40-1FA376E79A18}.Debug|Any CPU.Build.0 = Debug|Any CPU
		{538344D5-B7EF-4AAD-AF40-1FA376E79A18}.Release|Any CPU.ActiveCfg = Release|Any CPU
		{538344D5-B7EF-4AAD-AF40-1FA376E79A18}.Release|Any CPU.Build.0 = Release|Any CPU
		{AE5A867C-BF60-48F1-AFCE-E278FB02A1A7}.Debug|Any CPU.ActiveCfg = Debug|Any CPU
		{AE5A867C-BF60-48F1-AFCE-E278FB02A1A7}.Debug|Any CPU.Build.0 = Debug|Any CPU
		{AE5A867C-BF60-48F1-AFCE-E278FB02A1A7}.Release|Any CPU.ActiveCfg = Release|Any CPU
		{AE5A867C-BF60-48F1-AFCE-E278FB02A1A7}.Release|Any CPU.Build.0 = Release|Any CPU
		{0FADF4B7-E316-4EE8-A0F6-730907A49BA4}.Debug|Any CPU.ActiveCfg = Debug|Any CPU
		{0FADF4B7-E316-4EE8-A0F6-730907A49BA4}.Debug|Any CPU.Build.0 = Debug|Any CPU
		{0FADF4B7-E316-4EE8-A0F6-730907A49BA4}.Release|Any CPU.ActiveCfg = Release|Any CPU
		{0FADF4B7-E316-4EE8-A0F6-730907A49BA4}.Release|Any CPU.Build.0 = Release|Any CPU
		{6BA5D244-E583-4905-ABD4-536B0679CD02}.Debug|Any CPU.ActiveCfg = Debug|Any CPU
		{6BA5D244-E583-4905-ABD4-536B0679CD02}.Debug|Any CPU.Build.0 = Debug|Any CPU
		{6BA5D244-E583-4905-ABD4-536B0679CD02}.Release|Any CPU.ActiveCfg = Release|Any CPU
		{6BA5D244-E583-4905-ABD4-536B0679CD02}.Release|Any CPU.Build.0 = Release|Any CPU
	EndGlobalSection
	GlobalSection(NestedProjects) = preSolution
		{DDA61ED1-D59D-4A2D-B974-A7DB9CA06A98} = {4B336992-57F5-4A55-AFE2-CF4E663B08B3}
		{9026355D-EDA5-4DFD-BBCA-52F41BA27A52} = {4B336992-57F5-4A55-AFE2-CF4E663B08B3}
		{C632EFED-4022-423F-9FFF-374765816938} = {4B336992-57F5-4A55-AFE2-CF4E663B08B3}
		{77AE7635-DC6E-4D2E-9132-490813538C7C} = {4B336992-57F5-4A55-AFE2-CF4E663B08B3}
		{538344D5-B7EF-4AAD-AF40-1FA376E79A18} = {77AE7635-DC6E-4D2E-9132-490813538C7C}
		{AE5A867C-BF60-48F1-AFCE-E278FB02A1A7} = {77AE7635-DC6E-4D2E-9132-490813538C7C}
		{0FADF4B7-E316-4EE8-A0F6-730907A49BA4} = {77AE7635-DC6E-4D2E-9132-490813538C7C}
		{6BA5D244-E583-4905-ABD4-536B0679CD02} = {111112AF-3916-426A-9143-51FEDADF4148}
	EndGlobalSection
EndGlobal
